
Microsoft Visual Studio Solution File, Format Version 12.00
# Visual Studio Version 16
VisualStudioVersion = 16.0.32510.428
MinimumVisualStudioVersion = 10.0.40219.1
Project("{FAE04EC0-301F-11D3-BF4B-00C04F79EFBC}") = "TheGiverOnMars", "TheGiverOnMars\TheGiverOnMars.csproj", "{3A82465E-7747-4FA1-9F3A-DBA9CF826D73}"
EndProject
Global
	GlobalSection(SolutionConfigurationPlatforms) = preSolution
		Debug|Any CPU = Debug|Any CPU
		Release|Any CPU = Release|Any CPU
	EndGlobalSection
	GlobalSection(ProjectConfigurationPlatforms) = postSolution
		{3A82465E-7747-4FA1-9F3A-DBA9CF826D73}.Debug|Any CPU.ActiveCfg = Debug|Any CPU
		{3A82465E-7747-4FA1-9F3A-DBA9CF826D73}.Debug|Any CPU.Build.0 = Debug|Any CPU
		{3A82465E-7747-4FA1-9F3A-DBA9CF826D73}.Release|Any CPU.ActiveCfg = Release|Any CPU
		{3A82465E-7747-4FA1-9F3A-DBA9CF826D73}.Release|Any CPU.Build.0 = Release|Any CPU
	EndGlobalSection
	GlobalSection(SolutionProperties) = preSolution
		HideSolutionNode = FALSE
	EndGlobalSection
	GlobalSection(ExtensibilityGlobals) = postSolution
		SolutionGuid = {B2F6ED5D-74B6-496A-9F90-FFB4A5C1CE80}
	EndGlobalSection
EndGlobal
